
Microsoft Visual Studio Solution File, Format Version 12.00
# Visual Studio 15
VisualStudioVersion = 15.0.26730.10
MinimumVisualStudioVersion = 10.0.40219.1
Project("{2150E333-8FDC-42A3-9474-1A3956D46DE8}") = "tests", "tests", "{E3F7F17A-B804-4DF4-8825-4C548250AFF5}"
EndProject
Project("{FAE04EC0-301F-11D3-BF4B-00C04F79EFBC}") = "TMog.UnitTests", "server\src\Tests\TMog.UnitTests\TMog.UnitTests.csproj", "{ABC7D540-8B37-4C78-BA0E-F7D32128EE34}"
EndProject
Project("{FAE04EC0-301F-11D3-BF4B-00C04F79EFBC}") = "TMog", "server\src\TMog\TMog.csproj", "{469BAFFE-6A8A-46E6-A6F0-B42E6E8C2F2E}"
EndProject
Project("{FAE04EC0-301F-11D3-BF4B-00C04F79EFBC}") = "TMog.WebApi", "server\src\TMog.WebApi\TMog.WebApi.csproj", "{F8058B1A-9403-4650-8B09-4CB380CC2EE5}"
EndProject
Project("{FAE04EC0-301F-11D3-BF4B-00C04F79EFBC}") = "TMog.TypescriptGenerator", "server\src\TMog.TypescriptGenerator\TMog.TypescriptGenerator.csproj", "{670A7CC4-BC8E-4ED6-AB12-C01F94B8F5C3}"
EndProject
Global
	GlobalSection(SolutionConfigurationPlatforms) = preSolution
		Debug|Any CPU = Debug|Any CPU
		Release|Any CPU = Release|Any CPU
	EndGlobalSection
	GlobalSection(ProjectConfigurationPlatforms) = postSolution
		{ABC7D540-8B37-4C78-BA0E-F7D32128EE34}.Debug|Any CPU.ActiveCfg = Debug|Any CPU
		{ABC7D540-8B37-4C78-BA0E-F7D32128EE34}.Debug|Any CPU.Build.0 = Debug|Any CPU
		{ABC7D540-8B37-4C78-BA0E-F7D32128EE34}.Release|Any CPU.ActiveCfg = Release|Any CPU
		{ABC7D540-8B37-4C78-BA0E-F7D32128EE34}.Release|Any CPU.Build.0 = Release|Any CPU
		{469BAFFE-6A8A-46E6-A6F0-B42E6E8C2F2E}.Debug|Any CPU.ActiveCfg = Debug|Any CPU
		{469BAFFE-6A8A-46E6-A6F0-B42E6E8C2F2E}.Debug|Any CPU.Build.0 = Debug|Any CPU
		{469BAFFE-6A8A-46E6-A6F0-B42E6E8C2F2E}.Release|Any CPU.ActiveCfg = Release|Any CPU
		{469BAFFE-6A8A-46E6-A6F0-B42E6E8C2F2E}.Release|Any CPU.Build.0 = Release|Any CPU
		{F8058B1A-9403-4650-8B09-4CB380CC2EE5}.Debug|Any CPU.ActiveCfg = Debug|Any CPU
		{F8058B1A-9403-4650-8B09-4CB380CC2EE5}.Debug|Any CPU.Build.0 = Debug|Any CPU
		{F8058B1A-9403-4650-8B09-4CB380CC2EE5}.Release|Any CPU.ActiveCfg = Release|Any CPU
		{F8058B1A-9403-4650-8B09-4CB380CC2EE5}.Release|Any CPU.Build.0 = Release|Any CPU
		{670A7CC4-BC8E-4ED6-AB12-C01F94B8F5C3}.Debug|Any CPU.ActiveCfg = Debug|Any CPU
		{670A7CC4-BC8E-4ED6-AB12-C01F94B8F5C3}.Debug|Any CPU.Build.0 = Debug|Any CPU
		{670A7CC4-BC8E-4ED6-AB12-C01F94B8F5C3}.Release|Any CPU.ActiveCfg = Release|Any CPU
		{670A7CC4-BC8E-4ED6-AB12-C01F94B8F5C3}.Release|Any CPU.Build.0 = Release|Any CPU
	EndGlobalSection
	GlobalSection(SolutionProperties) = preSolution
		HideSolutionNode = FALSE
	EndGlobalSection
	GlobalSection(NestedProjects) = preSolution
		{ABC7D540-8B37-4C78-BA0E-F7D32128EE34} = {E3F7F17A-B804-4DF4-8825-4C548250AFF5}
	EndGlobalSection
	GlobalSection(ExtensibilityGlobals) = postSolution
		SolutionGuid = {A006E34F-B208-4D80-BB9A-ED060B5CD1A7}
	EndGlobalSection
EndGlobal
